
Microsoft Visual Studio Solution File, Format Version 12.00
# Visual Studio Version 16
VisualStudioVersion = 16.0.31025.194
MinimumVisualStudioVersion = 10.0.40219.1
Project("{FAE04EC0-301F-11D3-BF4B-00C04F79EFBC}") = "AnimeHeaven", "AnimeHeaven\AnimeHeaven.csproj", "{764E6FD6-F7EA-42D2-A91E-B350B28511A4}"
EndProject
Global
	GlobalSection(SolutionConfigurationPlatforms) = preSolution
		Debug|Any CPU = Debug|Any CPU
		Release|Any CPU = Release|Any CPU
	EndGlobalSection
	GlobalSection(ProjectConfigurationPlatforms) = postSolution
		{764E6FD6-F7EA-42D2-A91E-B350B28511A4}.Debug|Any CPU.ActiveCfg = Debug|Any CPU
		{764E6FD6-F7EA-42D2-A91E-B350B28511A4}.Debug|Any CPU.Build.0 = Debug|Any CPU
		{764E6FD6-F7EA-42D2-A91E-B350B28511A4}.Release|Any CPU.ActiveCfg = Release|Any CPU
		{764E6FD6-F7EA-42D2-A91E-B350B28511A4}.Release|Any CPU.Build.0 = Release|Any CPU
	EndGlobalSection
	GlobalSection(SolutionProperties) = preSolution
		HideSolutionNode = FALSE
	EndGlobalSection
	GlobalSection(ExtensibilityGlobals) = postSolution
		SolutionGuid = {77E29ACC-1099-424B-A50A-86910BEC4A8F}
	EndGlobalSection
EndGlobal
